
Microsoft Visual Studio Solution File, Format Version 12.00
# Visual Studio Version 16
VisualStudioVersion = 16.0.29306.81
MinimumVisualStudioVersion = 10.0.40219.1
Project("{9A19103F-16F7-4668-BE54-9A1E7A4F7556}") = "Skola", "Skola.csproj", "{6B8E0614-AE2F-40E4-BFB6-D36C52E0E3A8}"
EndProject
Global
	GlobalSection(SolutionConfigurationPlatforms) = preSolution
		Debug|Any CPU = Debug|Any CPU
		Release|Any CPU = Release|Any CPU
	EndGlobalSection
	GlobalSection(ProjectConfigurationPlatforms) = postSolution
		{6B8E0614-AE2F-40E4-BFB6-D36C52E0E3A8}.Debug|Any CPU.ActiveCfg = Debug|Any CPU
		{6B8E0614-AE2F-40E4-BFB6-D36C52E0E3A8}.Debug|Any CPU.Build.0 = Debug|Any CPU
		{6B8E0614-AE2F-40E4-BFB6-D36C52E0E3A8}.Release|Any CPU.ActiveCfg = Release|Any CPU
		{6B8E0614-AE2F-40E4-BFB6-D36C52E0E3A8}.Release|Any CPU.Build.0 = Release|Any CPU
	EndGlobalSection
	GlobalSection(SolutionProperties) = preSolution
		HideSolutionNode = FALSE
	EndGlobalSection
	GlobalSection(ExtensibilityGlobals) = postSolution
		SolutionGuid = {12C120C8-3BC0-4043-B3CB-219DB23C5A3E}
	EndGlobalSection
EndGlobal
